
Microsoft Visual Studio Solution File, Format Version 12.00
# Visual Studio Version 17
VisualStudioVersion = 17.9.34310.174
MinimumVisualStudioVersion = 10.0.40219.1
Project("{FAE04EC0-301F-11D3-BF4B-00C04F79EFBC}") = "BlazorForms", "BlazorForms\BlazorForms.csproj", "{F866E5C6-D8EA-49AA-A39E-C560F4C47AFB}"
EndProject
Global
	GlobalSection(SolutionConfigurationPlatforms) = preSolution
		Debug|Any CPU = Debug|Any CPU
		Release|Any CPU = Release|Any CPU
	EndGlobalSection
	GlobalSection(ProjectConfigurationPlatforms) = postSolution
		{F866E5C6-D8EA-49AA-A39E-C560F4C47AFB}.Debug|Any CPU.ActiveCfg = Debug|Any CPU
		{F866E5C6-D8EA-49AA-A39E-C560F4C47AFB}.Debug|Any CPU.Build.0 = Debug|Any CPU
		{F866E5C6-D8EA-49AA-A39E-C560F4C47AFB}.Release|Any CPU.ActiveCfg = Release|Any CPU
		{F866E5C6-D8EA-49AA-A39E-C560F4C47AFB}.Release|Any CPU.Build.0 = Release|Any CPU
	EndGlobalSection
	GlobalSection(SolutionProperties) = preSolution
		HideSolutionNode = FALSE
	EndGlobalSection
	GlobalSection(ExtensibilityGlobals) = postSolution
		SolutionGuid = {C20530F5-3DF7-444E-ACA6-53B5DFAD1FF8}
	EndGlobalSection
EndGlobal
